
Microsoft Visual Studio Solution File, Format Version 12.00
# Visual Studio 15
VisualStudioVersion = 15.0.27703.2047
MinimumVisualStudioVersion = 10.0.40219.1
Project("{9A19103F-16F7-4668-BE54-9A1E7A4F7556}") = "JwAnalyzer", "src\JwAnalyzer\JwAnalyzer.csproj", "{F3C3D8BC-99B1-4CF9-9C62-B30500379713}"
EndProject
Project("{9A19103F-16F7-4668-BE54-9A1E7A4F7556}") = "JwAnalyzer.Test", "src\JwAnalyzer.Test\JwAnalyzer.Test.csproj", "{44B07230-7C12-46E4-98FB-E02FCE421B3D}"
EndProject
Project("{FAE04EC0-301F-11D3-BF4B-00C04F79EFBC}") = "JwAnalyzer.Vsix", "src\JwAnalyzer.Vsix\JwAnalyzer.Vsix.csproj", "{0FE0AC84-6981-4D1D-B34C-A74AFC00134C}"
EndProject
Project("{2150E333-8FDC-42A3-9474-1A3956D46DE8}") = "src", "src", "{5480D153-4338-4A4B-A65C-EF30CED99478}"
EndProject
Project("{2150E333-8FDC-42A3-9474-1A3956D46DE8}") = "tests", "tests", "{57F34FDC-D53C-4E63-BD5C-25E196D142EA}"
EndProject
Project("{FAE04EC0-301F-11D3-BF4B-00C04F79EFBC}") = "MyApp", "tests\MyApp\MyApp.csproj", "{1AD01B95-EEEE-4CFD-9739-440921C3B685}"
EndProject
Global
	GlobalSection(SolutionConfigurationPlatforms) = preSolution
		Debug|Any CPU = Debug|Any CPU
		Release|Any CPU = Release|Any CPU
	EndGlobalSection
	GlobalSection(ProjectConfigurationPlatforms) = postSolution
		{F3C3D8BC-99B1-4CF9-9C62-B30500379713}.Debug|Any CPU.ActiveCfg = Debug|Any CPU
		{F3C3D8BC-99B1-4CF9-9C62-B30500379713}.Debug|Any CPU.Build.0 = Debug|Any CPU
		{F3C3D8BC-99B1-4CF9-9C62-B30500379713}.Release|Any CPU.ActiveCfg = Release|Any CPU
		{F3C3D8BC-99B1-4CF9-9C62-B30500379713}.Release|Any CPU.Build.0 = Release|Any CPU
		{44B07230-7C12-46E4-98FB-E02FCE421B3D}.Debug|Any CPU.ActiveCfg = Debug|Any CPU
		{44B07230-7C12-46E4-98FB-E02FCE421B3D}.Debug|Any CPU.Build.0 = Debug|Any CPU
		{44B07230-7C12-46E4-98FB-E02FCE421B3D}.Release|Any CPU.ActiveCfg = Release|Any CPU
		{44B07230-7C12-46E4-98FB-E02FCE421B3D}.Release|Any CPU.Build.0 = Release|Any CPU
		{0FE0AC84-6981-4D1D-B34C-A74AFC00134C}.Debug|Any CPU.ActiveCfg = Debug|Any CPU
		{0FE0AC84-6981-4D1D-B34C-A74AFC00134C}.Debug|Any CPU.Build.0 = Debug|Any CPU
		{0FE0AC84-6981-4D1D-B34C-A74AFC00134C}.Release|Any CPU.ActiveCfg = Release|Any CPU
		{0FE0AC84-6981-4D1D-B34C-A74AFC00134C}.Release|Any CPU.Build.0 = Release|Any CPU
		{1AD01B95-EEEE-4CFD-9739-440921C3B685}.Debug|Any CPU.ActiveCfg = Debug|Any CPU
		{1AD01B95-EEEE-4CFD-9739-440921C3B685}.Debug|Any CPU.Build.0 = Debug|Any CPU
		{1AD01B95-EEEE-4CFD-9739-440921C3B685}.Release|Any CPU.ActiveCfg = Release|Any CPU
		{1AD01B95-EEEE-4CFD-9739-440921C3B685}.Release|Any CPU.Build.0 = Release|Any CPU
	EndGlobalSection
	GlobalSection(SolutionProperties) = preSolution
		HideSolutionNode = FALSE
	EndGlobalSection
	GlobalSection(NestedProjects) = preSolution
		{F3C3D8BC-99B1-4CF9-9C62-B30500379713} = {5480D153-4338-4A4B-A65C-EF30CED99478}
		{44B07230-7C12-46E4-98FB-E02FCE421B3D} = {5480D153-4338-4A4B-A65C-EF30CED99478}
		{0FE0AC84-6981-4D1D-B34C-A74AFC00134C} = {5480D153-4338-4A4B-A65C-EF30CED99478}
		{1AD01B95-EEEE-4CFD-9739-440921C3B685} = {57F34FDC-D53C-4E63-BD5C-25E196D142EA}
	EndGlobalSection
	GlobalSection(ExtensibilityGlobals) = postSolution
		SolutionGuid = {93AAC12A-ED87-4C37-814E-E54AE6889B8D}
	EndGlobalSection
EndGlobal
